dependencies:
- name: utils
  repository: https://charts.eu-de-2.cloud.sap
  version: 0.7.0
- name: mariadb
  repository: https://charts.eu-de-2.cloud.sap
  version: 0.3.55
- name: mysql_metrics
  repository: https://charts.eu-de-2.cloud.sap
  version: 0.2.7
- name: memcached
  repository: https://charts.eu-de-2.cloud.sap
  version: 0.0.10
- name: rabbitmq
  repository: https://charts.eu-de-2.cloud.sap
  version: 0.4.2
- name: region_check
  repository: https://charts.eu-de-2.cloud.sap
  version: 0.1.2
- name: redis
  repository: https://charts.eu-de-2.cloud.sap
  version: 1.2.1
digest: sha256:0fb4c28cc82e059c572bcddf59c693d6953caec509a4a686a1a751da56791651
generated: "2022-10-13T12:22:41.197433861+02:00"
