dependencies:
- name: mariadb
  repository: https://charts.eu-de-2.cloud.sap
  version: 0.5.5
- name: memcached
  repository: https://charts.eu-de-2.cloud.sap
  version: 0.0.10
- name: mysql_metrics
  repository: https://charts.eu-de-2.cloud.sap
  version: 0.2.7
- name: rabbitmq
  repository: https://charts.eu-de-2.cloud.sap
  version: 0.4.2
- name: utils
  repository: https://charts.eu-de-2.cloud.sap
  version: 0.7.0
digest: sha256:3d9c5d63ba0b460ffcd080dc76d1beba91525141cd356d91959cfb9587aa7fb8
generated: "2022-10-13T12:32:06.9154711+02:00"
